{
  "name": "shuffleplus",
  "version": "9.7.2",
  "lockfileVersion": 3,
  "requires": true,
  "packages": {
    "": {
      "name": "shuffleplus",
      "version": "9.7.2",
      "engines": {
        "node": ">=20"
      },
      "description": "Shuffle+ 9.7.2 — mode conduite avancé, verrouillage de sécurité et commandes personnalisables."
    }
  }
}
