{
  "name": "shuffleplus",
  "version": "9.9.9",
  "lockfileVersion": 3,
  "requires": true,
  "packages": {
    "": {
      "name": "shuffleplus",
      "version": "9.9.9",
      "engines": {
        "node": ">=20"
      },
      "description": "Shuffle+ 9.9.9 — titre suivant instantané et synchronisation Spotify toutes les 5 secondes."
    }
  }
}
