{
  "name": "shuffleplus",
  "version": "9.9.1",
  "lockfileVersion": 3,
  "requires": true,
  "packages": {
    "": {
      "name": "shuffleplus",
      "version": "9.9.1",
      "engines": {
        "node": ">=20"
      },
      "description": "Shuffle+ 9.9.1 — candidate v10, validation terrain et contrôle de préparation final."
    }
  }
}
